// !$*UTF8*$!
{
	archiveVersion = 1;
	classes = {
	};
	objectVersion = 56;
	objects = {

/* Begin PBXBuildFile section */
		684BEC612ADFF85D00A7C7BA /* AppDelegate.swift in Sources */ = {isa = PBXBuildFile; fileRef = 684BEC602ADFF85D00A7C7BA /* AppDelegate.swift */; };
		684BEC632ADFF85D00A7C7BA /* SceneDelegate.swift in Sources */ = {isa = PBXBuildFile; fileRef = 684BEC622ADFF85D00A7C7BA /* SceneDelegate.swift */; };
		684BEC682ADFF85D00A7C7BA /* Main.storyboard in Resources */ = {isa = PBXBuildFile; fileRef = 684BEC662ADFF85D00A7C7BA /* Main.storyboard */; };
		684BEC6A2ADFF85E00A7C7BA /* Assets.xcassets in Resources */ = {isa = PBXBuildFile; fileRef = 684BEC692ADFF85E00A7C7BA /* Assets.xcassets */; };
		684BEC6D2ADFF85E00A7C7BA /* LaunchScreen.storyboard in Resources */ = {isa = PBXBuildFile; fileRef = 684BEC6B2ADFF85E00A7C7BA /* LaunchScreen.storyboard */; };
		684BEC742ADFFB8500A7C7BA /* ThemeViewController.swift in Sources */ = {isa = PBXBuildFile; fileRef = 684BEC642ADFF85D00A7C7BA /* ThemeViewController.swift */; };
/* End PBXBuildFile section */

/* Begin PBXFileReference section */
		684BEC5D2ADFF85D00A7C7BA /* DarkThemeApp.app */ = {isa = PBXFileReference; explicitFileType = wrapper.application; includeInIndex = 0; path = DarkThemeApp.app; sourceTree = BUILT_PRODUCTS_DIR; };
		684BEC602ADFF85D00A7C7BA /* AppDelegate.swift */ = {isa = PBXFileReference; lastKnownFileType = sourcecode.swift; path = AppDelegate.swift; sourceTree = "<group>"; };
		684BEC622ADFF85D00A7C7BA /* SceneDelegate.swift */ = {isa = PBXFileReference; lastKnownFileType = sourcecode.swift; path = SceneDelegate.swift; sourceTree = "<group>"; };
		684BEC642ADFF85D00A7C7BA /* ThemeViewController.swift */ = {isa = PBXFileReference; lastKnownFileType = sourcecode.swift; path = ThemeViewController.swift; sourceTree = "<group>"; };
		684BEC672ADFF85D00A7C7BA /* Base */ = {isa = PBXFileReference; lastKnownFileType = file.storyboard; name = Base; path = Base.lproj/Main.storyboard; sourceTree = "<group>"; };
		684BEC692ADFF85E00A7C7BA /* Assets.xcassets */ = {isa = PBXFileReference; lastKnownFileType = folder.assetcatalog; path = Assets.xcassets; sourceTree = "<group>"; };
		684BEC6C2ADFF85E00A7C7BA /* Base */ = {isa = PBXFileReference; lastKnownFileType = file.storyboard; name = Base; path = Base.lproj/LaunchScreen.storyboard; sourceTree = "<group>"; };
		684BEC6E2ADFF85E00A7C7BA /* Info.plist */ = {isa = PBXFileReference; lastKnownFileType = text.plist.xml; path = Info.plist; sourceTree = "<group>"; };
/* End PBXFileReference section */

/* Begin PBXFrameworksBuildPhase section */
		684BEC5A2ADFF85D00A7C7BA /* Frameworks */ = {
			isa = PBXFrameworksBuildPhase;
			buildActionMask = 2147483647;
			files = (
			);
			runOnlyForDeploymentPostprocessing = 0;
		};
/* End PBXFrameworksBuildPhase section */

/* Begin PBXGroup section */
		684BEC542ADFF85D00A7C7BA = {
			isa = PBXGroup;
			children = (
				684BEC5F2ADFF85D00A7C7BA /* DarkThemeApp */,
				684BEC5E2ADFF85D00A7C7BA /* Products */,
			);
			sourceTree = "<group>";
		};
		684BEC5E2ADFF85D00A7C7BA /* Products */ = {
			isa = PBXGroup;
			children = (
				684BEC5D2ADFF85D00A7C7BA /* DarkThemeApp.app */,
			);
			name = Products;
			sourceTree = "<group>";
		};
		684BEC5F2ADFF85D00A7C7BA /* DarkThemeApp */ = {
			isa = PBXGroup;
			children = (
				684BEC752ADFFC9200A7C7BA /* AppDelegate */,
				684BEC762ADFFDCA00A7C7BA /* Model */,
				684BEC772ADFFDD400A7C7BA /* View */,
				684BEC782ADFFE7100A7C7BA /* Controller */,
				684BEC692ADFF85E00A7C7BA /* Assets.xcassets */,
				684BEC6E2ADFF85E00A7C7BA /* Info.plist */,
			);
			path = DarkThemeApp;
			sourceTree = "<group>";
		};
		684BEC752ADFFC9200A7C7BA /* AppDelegate */ = {
			isa = PBXGroup;
			children = (
				684BEC602ADFF85D00A7C7BA /* AppDelegate.swift */,
				684BEC622ADFF85D00A7C7BA /* SceneDelegate.swift */,
			);
			path = AppDelegate;
			sourceTree = "<group>";
		};
		684BEC762ADFFDCA00A7C7BA /* Model */ = {
			isa = PBXGroup;
			children = (
			);
			path = Model;
			sourceTree = "<group>";
		};
		684BEC772ADFFDD400A7C7BA /* View */ = {
			isa = PBXGroup;
			children = (
				684BEC662ADFF85D00A7C7BA /* Main.storyboard */,
				684BEC6B2ADFF85E00A7C7BA /* LaunchScreen.storyboard */,
			);
			path = View;
			sourceTree = "<group>";
		};
		684BEC782ADFFE7100A7C7BA /* Controller */ = {
			isa = PBXGroup;
			children = (
				684BEC642ADFF85D00A7C7BA /* ThemeViewController.swift */,
			);
			path = Controller;
			sourceTree = "<group>";
		};
/* End PBXGroup section */

/* Begin PBXNativeTarget section */
		684BEC5C2ADFF85D00A7C7BA /* DarkThemeApp */ = {
			isa = PBXNativeTarget;
			buildConfigurationList = 684BEC712ADFF85E00A7C7BA /* Build configuration list for PBXNativeTarget "DarkThemeApp" */;
			buildPhases = (
				684BEC592ADFF85D00A7C7BA /* Sources */,
				684BEC5A2ADFF85D00A7C7BA /* Frameworks */,
				684BEC5B2ADFF85D00A7C7BA /* Resources */,
			);
			buildRules = (
			);
			dependencies = (
			);
			name = DarkThemeApp;
			productName = DarkThemeApp;
			productReference = 684BEC5D2ADFF85D00A7C7BA /* DarkThemeApp.app */;
			productType = "com.apple.product-type.application";
		};
/* End PBXNativeTarget section */

/* Begin PBXProject section */
		684BEC552ADFF85D00A7C7BA /* Project object */ = {
			isa = PBXProject;
			attributes = {
				BuildIndependentTargetsInParallel = 1;
				LastSwiftUpdateCheck = 1500;
				LastUpgradeCheck = 1500;
				TargetAttributes = {
					684BEC5C2ADFF85D00A7C7BA = {
						CreatedOnToolsVersion = 15.0;
					};
				};
			};
			buildConfigurationList = 684BEC582ADFF85D00A7C7BA /* Build configuration list for PBXProject "DarkThemeApp" */;
			compatibilityVersion = "Xcode 14.0";
			developmentRegion = en;
			hasScannedForEncodings = 0;
			knownRegions = (
				en,
				Base,
			);
			mainGroup = 684BEC542ADFF85D00A7C7BA;
			productRefGroup = 684BEC5E2ADFF85D00A7C7BA /* Products */;
			projectDirPath = "";
			projectRoot = "";
			targets = (
				684BEC5C2ADFF85D00A7C7BA /* DarkThemeApp */,
			);
		};
/* End PBXProject section */

/* Begin PBXResourcesBuildPhase section */
		684BEC5B2ADFF85D00A7C7BA /* Resources */ = {
			isa = PBXResourcesBuildPhase;
			buildActionMask = 2147483647;
			files = (
				684BEC6D2ADFF85E00A7C7BA /* LaunchScreen.storyboard in Resources */,
				684BEC6A2ADFF85E00A7C7BA /* Assets.xcassets in Resources */,
				684BEC682ADFF85D00A7C7BA /* Main.storyboard in Resources */,
			);
			runOnlyForDeploymentPostprocessing = 0;
		};
/* End PBXResourcesBuildPhase section */

/* Begin PBXSourcesBuildPhase section */
		684BEC592ADFF85D00A7C7BA /* Sources */ = {
			isa = PBXSourcesBuildPhase;
			buildActionMask = 2147483647;
			files = (
				684BEC742ADFFB8500A7C7BA /* ThemeViewController.swift in Sources */,
				684BEC612ADFF85D00A7C7BA /* AppDelegate.swift in Sources */,
				684BEC632ADFF85D00A7C7BA /* SceneDelegate.swift in Sources */,
			);
			runOnlyForDeploymentPostprocessing = 0;
		};
/* End PBXSourcesBuildPhase section */

/* Begin PBXVariantGroup section */
		684BEC662ADFF85D00A7C7BA /* Main.storyboard */ = {
			isa = PBXVariantGroup;
			children = (
				684BEC672ADFF85D00A7C7BA /* Base */,
			);
			name = Main.storyboard;
			sourceTree = "<group>";
		};
		684BEC6B2ADFF85E00A7C7BA /* LaunchScreen.storyboard */ = {
			isa = PBXVariantGroup;
			children = (
				684BEC6C2ADFF85E00A7C7BA /* Base */,
			);
			name = LaunchScreen.storyboard;
			sourceTree = "<group>";
		};
/* End PBXVariantGroup section */

/* Begin XCBuildConfiguration section */
		684BEC6F2ADFF85E00A7C7BA /* Debug */ = {
			isa = XCBuildConfiguration;
			buildSettings = {
				ALWAYS_SEARCH_USER_PATHS = NO;
				ASSETCATALOG_COMPILER_GENERATE_SWIFT_ASSET_SYMBOL_EXTENSIONS = YES;
				CLANG_ANALYZER_NONNULL = YES;
				CLANG_ANALYZER_NUMBER_OBJECT_CONVERSION = YES_AGGRESSIVE;
				CLANG_CXX_LANGUAGE_STANDARD = "gnu++20";
				CLANG_ENABLE_MODULES = YES;
				CLANG_ENABLE_OBJC_ARC = YES;
				CLANG_ENABLE_OBJC_WEAK = YES;
				CLANG_WARN_BLOCK_CAPTURE_AUTORELEASING = YES;
				CLANG_WARN_BOOL_CONVERSION = YES;
				CLANG_WARN_COMMA = YES;
				CLANG_WARN_CONSTANT_CONVERSION = YES;
				CLANG_WARN_DEPRECATED_OBJC_IMPLEMENTATIONS = YES;
				CLANG_WARN_DIRECT_OBJC_ISA_USAGE = YES_ERROR;
				CLANG_WARN_DOCUMENTATION_COMMENTS = YES;
				CLANG_WARN_EMPTY_BODY = YES;
				CLANG_WARN_ENUM_CONVERSION = YES;
				CLANG_WARN_INFINITE_RECURSION = YES;
				CLANG_WARN_INT_CONVERSION = YES;
				CLANG_WARN_NON_LITERAL_NULL_CONVERSION = YES;
				CLANG_WARN_OBJC_IMPLICIT_RETAIN_SELF = YES;
				CLANG_WARN_OBJC_LITERAL_CONVERSION = YES;
				CLANG_WARN_OBJC_ROOT_CLASS = YES_ERROR;
				CLANG_WARN_QUOTED_INCLUDE_IN_FRAMEWORK_HEADER = YES;
				CLANG_WARN_RANGE_LOOP_ANALYSIS = YES;
				CLANG_WARN_STRICT_PROTOTYPES = YES;
				CLANG_WARN_SUSPICIOUS_MOVE = YES;
				CLANG_WARN_UNGUARDED_AVAILABILITY = YES_AGGRESSIVE;
				CLANG_WARN_UNREACHABLE_CODE = YES;
				CLANG_WARN__DUPLICATE_METHOD_MATCH = YES;
				COPY_PHASE_STRIP = NO;
				DEBUG_INFORMATION_FORMAT = dwarf;
				ENABLE_STRICT_OBJC_MSGSEND = YES;
				ENABLE_TESTABILITY = YES;
				ENABLE_USER_SCRIPT_SANDBOXING = YES;
				GCC_C_LANGUAGE_STANDARD = gnu17;
				GCC_DYNAMIC_NO_PIC = NO;
				GCC_NO_COMMON_BLOCKS = YES;
				GCC_OPTIMIZATION_LEVEL = 0;
				GCC_PREPROCESSOR_DEFINITIONS = (
					"DEBUG=1",
					"$(inherited)",
				);
				GCC_WARN_64_TO_32_BIT_CONVERSION = YES;
				GCC_WARN_ABOUT_RETURN_TYPE = YES_ERROR;
				GCC_WARN_UNDECLARED_SELECTOR = YES;
				GCC_WARN_UNINITIALIZED_AUTOS = YES_AGGRESSIVE;
				GCC_WARN_UNUSED_FUNCTION = YES;
				GCC_WARN_UNUSED_VARIABLE = YES;
				IPHONEOS_DEPLOYMENT_TARGET = 17.0;
				LOCALIZATION_PREFERS_STRING_CATALOGS = YES;
				MTL_ENABLE_DEBUG_INFO = INCLUDE_SOURCE;
				MTL_FAST_MATH = YES;
				ONLY_ACTIVE_ARCH = YES;
				SDKROOT = iphoneos;
				SWIFT_ACTIVE_COMPILATION_CONDITIONS = "DEBUG $(inherited)";
				SWIFT_OPTIMIZATION_LEVEL = "-Onone";
			};
			name = Debug;
		};
		684BEC702ADFF85E00A7C7BA /* Release */ = {
			isa = XCBuildConfiguration;
			buildSettings = {
				ALWAYS_SEARCH_USER_PATHS = NO;
				ASSETCATALOG_COMPILER_GENERATE_SWIFT_ASSET_SYMBOL_EXTENSIONS = YES;
				CLANG_ANALYZER_NONNULL = YES;
				CLANG_ANALYZER_NUMBER_OBJECT_CONVERSION = YES_AGGRESSIVE;
				CLANG_CXX_LANGUAGE_STANDARD = "gnu++20";
				CLANG_ENABLE_MODULES = YES;
				CLANG_ENABLE_OBJC_ARC = YES;
				CLANG_ENABLE_OBJC_WEAK = YES;
				CLANG_WARN_BLOCK_CAPTURE_AUTORELEASING = YES;
				CLANG_WARN_BOOL_CONVERSION = YES;
				CLANG_WARN_COMMA = YES;
				CLANG_WARN_CONSTANT_CONVERSION = YES;
				CLANG_WARN_DEPRECATED_OBJC_IMPLEMENTATIONS = YES;
				CLANG_WARN_DIRECT_OBJC_ISA_USAGE = YES_ERROR;
				CLANG_WARN_DOCUMENTATION_COMMENTS = YES;
				CLANG_WARN_EMPTY_BODY = YES;
				CLANG_WARN_ENUM_CONVERSION = YES;
				CLANG_WARN_INFINITE_RECURSION = YES;
				CLANG_WARN_INT_CONVERSION = YES;
				CLANG_WARN_NON_LITERAL_NULL_CONVERSION = YES;
				CLANG_WARN_OBJC_IMPLICIT_RETAIN_SELF = YES;
				CLANG_WARN_OBJC_LITERAL_CONVERSION = YES;
				CLANG_WARN_OBJC_ROOT_CLASS = YES_ERROR;
				CLANG_WARN_QUOTED_INCLUDE_IN_FRAMEWORK_HEADER = YES;
				CLANG_WARN_RANGE_LOOP_ANALYSIS = YES;
				CLANG_WARN_STRICT_PROTOTYPES = YES;
				CLANG_WARN_SUSPICIOUS_MOVE = YES;
				CLANG_WARN_UNGUARDED_AVAILABILITY = YES_AGGRESSIVE;
				CLANG_WARN_UNREACHABLE_CODE = YES;
				CLANG_WARN__DUPLICATE_METHOD_MATCH = YES;
				COPY_PHASE_STRIP = NO;
				DEBUG_INFORMATION_FORMAT = "dwarf-with-dsym";
				ENABLE_NS_ASSERTIONS = NO;
				ENABLE_STRICT_OBJC_MSGSEND = YES;
				ENABLE_USER_SCRIPT_SANDBOXING = YES;
				GCC_C_LANGUAGE_STANDARD = gnu17;
				GCC_NO_COMMON_BLOCKS = YES;
				GCC_WARN_64_TO_32_BIT_CONVERSION = YES;
				GCC_WARN_ABOUT_RETURN_TYPE = YES_ERROR;
				GCC_WARN_UNDECLARED_SELECTOR = YES;
				GCC_WARN_UNINITIALIZED_AUTOS = YES_AGGRESSIVE;
				GCC_WARN_UNUSED_FUNCTION = YES;
				GCC_WARN_UNUSED_VARIABLE = YES;
				IPHONEOS_DEPLOYMENT_TARGET = 17.0;
				LOCALIZATION_PREFERS_STRING_CATALOGS = YES;
				MTL_ENABLE_DEBUG_INFO = NO;
				MTL_FAST_MATH = YES;
				SDKROOT = iphoneos;
				SWIFT_COMPILATION_MODE = wholemodule;
				VALIDATE_PRODUCT = YES;
			};
			name = Release;
		};
		684BEC722ADFF85E00A7C7BA /* Debug */ = {
			isa = XCBuildConfiguration;
			buildSettings = {
				ASSETCATALOG_COMPILER_APPICON_NAME = AppIcon;
				ASSETCATALOG_COMPILER_GLOBAL_ACCENT_COLOR_NAME = AccentColor;
				CODE_SIGN_STYLE = Automatic;
				CURRENT_PROJECT_VERSION = 1;
				DEVELOPMENT_TEAM = 5UT44ZH347;
				GENERATE_INFOPLIST_FILE = YES;
				INFOPLIST_FILE = DarkThemeApp/Info.plist;
				INFOPLIST_KEY_UIApplicationSupportsIndirectInputEvents = YES;
				INFOPLIST_KEY_UILaunchStoryboardName = LaunchScreen;
				INFOPLIST_KEY_UIMainStoryboardFile = Main;
				INFOPLIST_KEY_UISupportedInterfaceOrientations_iPad = "UIInterfaceOrientationPortrait UIInterfaceOrientationPortraitUpsideDown UIInterfaceOrientationLandscapeLeft UIInterfaceOrientationLandscapeRight";
				INFOPLIST_KEY_UISupportedInterfaceOrientations_iPhone = "UIInterfaceOrientationPortrait UIInterfaceOrientationLandscapeLeft UIInterfaceOrientationLandscapeRight";
				LD_RUNPATH_SEARCH_PATHS = (
					"$(inherited)",
					"@executable_path/Frameworks",
				);
				MARKETING_VERSION = 1.0.0;
				PRODUCT_BUNDLE_IDENTIFIER = "com.up-co.DarkThemeApp";
				PRODUCT_NAME = "$(TARGET_NAME)";
				SWIFT_EMIT_LOC_STRINGS = YES;
				SWIFT_VERSION = 5.0;
				TARGETED_DEVICE_FAMILY = "1,2";
			};
			name = Debug;
		};
		684BEC732ADFF85E00A7C7BA /* Release */ = {
			isa = XCBuildConfiguration;
			buildSettings = {
				ASSETCATALOG_COMPILER_APPICON_NAME = AppIcon;
				ASSETCATALOG_COMPILER_GLOBAL_ACCENT_COLOR_NAME = AccentColor;
				CODE_SIGN_STYLE = Automatic;
				CURRENT_PROJECT_VERSION = 1;
				DEVELOPMENT_TEAM = 5UT44ZH347;
				GENERATE_INFOPLIST_FILE = YES;
				INFOPLIST_FILE = DarkThemeApp/Info.plist;
				INFOPLIST_KEY_UIApplicationSupportsIndirectInputEvents = YES;
				INFOPLIST_KEY_UILaunchStoryboardName = LaunchScreen;
				INFOPLIST_KEY_UIMainStoryboardFile = Main;
				INFOPLIST_KEY_UISupportedInterfaceOrientations_iPad = "UIInterfaceOrientationPortrait UIInterfaceOrientationPortraitUpsideDown UIInterfaceOrientationLandscapeLeft UIInterfaceOrientationLandscapeRight";
				INFOPLIST_KEY_UISupportedInterfaceOrientations_iPhone = "UIInterfaceOrientationPortrait UIInterfaceOrientationLandscapeLeft UIInterfaceOrientationLandscapeRight";
				LD_RUNPATH_SEARCH_PATHS = (
					"$(inherited)",
					"@executable_path/Frameworks",
				);
				MARKETING_VERSION = 1.0.0;
				PRODUCT_BUNDLE_IDENTIFIER = "com.up-co.DarkThemeApp";
				PRODUCT_NAME = "$(TARGET_NAME)";
				SWIFT_EMIT_LOC_STRINGS = YES;
				SWIFT_VERSION = 5.0;
				TARGETED_DEVICE_FAMILY = "1,2";
			};
			name = Release;
		};
/* End XCBuildConfiguration section */

/* Begin XCConfigurationList section */
		684BEC582ADFF85D00A7C7BA /* Build configuration list for PBXProject "DarkThemeApp" */ = {
			isa = XCConfigurationList;
			buildConfigurations = (
				684BEC6F2ADFF85E00A7C7BA /* Debug */,
				684BEC702ADFF85E00A7C7BA /* Release */,
			);
			defaultConfigurationIsVisible = 0;
			defaultConfigurationName = Release;
		};
		684BEC712ADFF85E00A7C7BA /* Build configuration list for PBXNativeTarget "DarkThemeApp" */ = {
			isa = XCConfigurationList;
			buildConfigurations = (
				684BEC722ADFF85E00A7C7BA /* Debug */,
				684BEC732ADFF85E00A7C7BA /* Release */,
			);
			defaultConfigurationIsVisible = 0;
			defaultConfigurationName = Release;
		};
/* End XCConfigurationList section */
	};
	rootObject = 684BEC552ADFF85D00A7C7BA /* Project object */;
}
